{
  "nodes": {
    "nixpkgs": {
      "locked": {
        "lastModified": 1699781429,
        "narHash": "sha256-UYefjidASiLORAjIvVsUHG6WBtRhM67kTjEY4XfZOFs=",
        "path": "/nix/store/0y446mjvwzrhv723jh0lpkaz9gw8jzbq-source",
        "rev": "e44462d6021bfe23dfb24b775cc7c390844f773d",
        "type": "path"
      },
      "original": {
        "id": "nixpkgs",
        "type": "indirect"
      }
    },
    "root": {
      "inputs": {
        "nixpkgs": "nixpkgs"
      }
    }
  },
  "root": "root",
  "version": 7
}
